// !$*UTF8*$!
{
	archiveVersion = 1;
	classes = {
	};
	objectVersion = 52;
	objects = {

/* Begin PBXBuildFile section */
		401E715725E901C50006437F /* ErrorView.swift in Sources */ = {isa = PBXBuildFile; fileRef = 401E715625E901C50006437F /* ErrorView.swift */; };
		401E715D25E9038D0006437F /* FeedViewController+TestHelpers.swift in Sources */ = {isa = PBXBuildFile; fileRef = 401E715C25E9038D0006437F /* FeedViewController+TestHelpers.swift */; };
		401E716325E903C30006437F /* UIButton+TestHelpers.swift in Sources */ = {isa = PBXBuildFile; fileRef = 401E716225E903C30006437F /* UIButton+TestHelpers.swift */; };
		401E716825E9066A0006437F /* FeedImageDataLoader.swift in Sources */ = {isa = PBXBuildFile; fileRef = 403B93D325D7D79F0027C345 /* FeedImageDataLoader.swift */; };
		401E717525E909B10006437F /* HTTPURLResponse+StatusCode.swift in Sources */ = {isa = PBXBuildFile; fileRef = 401E717425E909B10006437F /* HTTPURLResponse+StatusCode.swift */; };
		401E717F25E90BBA0006437F /* LoadFeedImageDataFromRemoteUseCaseTests.swift in Sources */ = {isa = PBXBuildFile; fileRef = 401E717E25E90BBA0006437F /* LoadFeedImageDataFromRemoteUseCaseTests.swift */; };
		401E718F25E920090006437F /* HTTPClientSpy.swift in Sources */ = {isa = PBXBuildFile; fileRef = 401E718425E91EE70006437F /* HTTPClientSpy.swift */; };
		401E719925E920670006437F /* RemoteFeedImageDataLoader.swift in Sources */ = {isa = PBXBuildFile; fileRef = 401E719825E920670006437F /* RemoteFeedImageDataLoader.swift */; };
		401E719F25E925200006437F /* URLProtocolStub.swift in Sources */ = {isa = PBXBuildFile; fileRef = 401E719E25E925200006437F /* URLProtocolStub.swift */; };
		401E71A925E9375A0006437F /* LoadFeedImageDataFromCacheUseCaseTests.swift in Sources */ = {isa = PBXBuildFile; fileRef = 401E71A825E9375A0006437F /* LoadFeedImageDataFromCacheUseCaseTests.swift */; };
		401E71AF25E940390006437F /* FeedImageDataStore.swift in Sources */ = {isa = PBXBuildFile; fileRef = 401E71AE25E940390006437F /* FeedImageDataStore.swift */; };
		401E71B525E940660006437F /* LocalFeedImageDataLoader.swift in Sources */ = {isa = PBXBuildFile; fileRef = 401E71B425E940660006437F /* LocalFeedImageDataLoader.swift */; };
		401E71BF25E94B8B0006437F /* FeedImageDataStoreSpy.swift in Sources */ = {isa = PBXBuildFile; fileRef = 401E71BE25E94B8B0006437F /* FeedImageDataStoreSpy.swift */; };
		403B93E425D7DE3E0027C345 /* FeedImageCellController.swift in Sources */ = {isa = PBXBuildFile; fileRef = 403B93E325D7DE3E0027C345 /* FeedImageCellController.swift */; };
		403B93EF25D7E2E60027C345 /* FeedUIComposer.swift in Sources */ = {isa = PBXBuildFile; fileRef = 403B93EE25D7E2E60027C345 /* FeedUIComposer.swift */; };
		40545CDA25E01CE200F96045 /* UITableView+Dequeueing.swift in Sources */ = {isa = PBXBuildFile; fileRef = 40545CD925E01CE200F96045 /* UITableView+Dequeueing.swift */; };
		40545CE025E01DDE00F96045 /* UIImageView+Animation.swift in Sources */ = {isa = PBXBuildFile; fileRef = 40545CDF25E01DDE00F96045 /* UIImageView+Animation.swift */; };
		405BF23C25E52A0A002FE8E6 /* FeedPresenterTests.swift in Sources */ = {isa = PBXBuildFile; fileRef = 405BF23B25E52A0A002FE8E6 /* FeedPresenterTests.swift */; };
		405BF25A25E5364F002FE8E6 /* FeedPresenter.swift in Sources */ = {isa = PBXBuildFile; fileRef = 405BF25925E5364F002FE8E6 /* FeedPresenter.swift */; };
		405BF25F25E53773002FE8E6 /* Feed.strings in Resources */ = {isa = PBXBuildFile; fileRef = 405BF24D25E53473002FE8E6 /* Feed.strings */; };
		405BF26925E537C8002FE8E6 /* FeedViewModel.swift in Sources */ = {isa = PBXBuildFile; fileRef = 405BF26825E537C8002FE8E6 /* FeedViewModel.swift */; };
		405BF26F25E53803002FE8E6 /* FeedLoadingViewModel.swift in Sources */ = {isa = PBXBuildFile; fileRef = 405BF26E25E53803002FE8E6 /* FeedLoadingViewModel.swift */; };
		405BF27525E5382D002FE8E6 /* FeedErrorViewModel.swift in Sources */ = {isa = PBXBuildFile; fileRef = 405BF27425E5382D002FE8E6 /* FeedErrorViewModel.swift */; };
		405BF28C25E54006002FE8E6 /* FeedLocalizationTests.swift in Sources */ = {isa = PBXBuildFile; fileRef = 40B3CFDA25E1782500CF7522 /* FeedLocalizationTests.swift */; };
		405BF29925E540DB002FE8E6 /* FeedImageViewModel.swift in Sources */ = {isa = PBXBuildFile; fileRef = 405CD80225D85BF80071B71B /* FeedImageViewModel.swift */; };
		405BF29A25E540DB002FE8E6 /* FeedImagePresenter.swift in Sources */ = {isa = PBXBuildFile; fileRef = 40CF44B025DA60C000FEEC30 /* FeedImagePresenter.swift */; };
		40610E8425E00F5000284022 /* Feed.storyboard in Resources */ = {isa = PBXBuildFile; fileRef = 40610E8325E00F5000284022 /* Feed.storyboard */; };
		40610E8A25E00FDA00284022 /* FeedAssets.xcassets in Resources */ = {isa = PBXBuildFile; fileRef = 40610E8925E00FDA00284022 /* FeedAssets.xcassets */; };
		4063CFCF259E1FBC00488A60 /* FeediOS.framework in Frameworks */ = {isa = PBXBuildFile; fileRef = 4063CFC6259E1FBC00488A60 /* FeediOS.framework */; };
		408F062D25CD53EE001000DD /* FeedImageCell.swift in Sources */ = {isa = PBXBuildFile; fileRef = 408F062C25CD53EE001000DD /* FeedImageCell.swift */; };
		408F063325CD75E9001000DD /* UIView+Shimmering.swift in Sources */ = {isa = PBXBuildFile; fileRef = 408F063225CD75E9001000DD /* UIView+Shimmering.swift */; };
		409359CA25EA668D00915964 /* CacheFeedImageDataUseCaseTests.swift in Sources */ = {isa = PBXBuildFile; fileRef = 409359C925EA668D00915964 /* CacheFeedImageDataUseCaseTests.swift */; };
		409359E125EA6A7300915964 /* CoreDataFeedImage+CoreDataProperties.swift in Sources */ = {isa = PBXBuildFile; fileRef = 409359DC25EA6A7300915964 /* CoreDataFeedImage+CoreDataProperties.swift */; };
		409359E225EA6A7300915964 /* CoreDataFeedImage+CoreDataClass.swift in Sources */ = {isa = PBXBuildFile; fileRef = 409359DD25EA6A7300915964 /* CoreDataFeedImage+CoreDataClass.swift */; };
		409359E325EA6A7300915964 /* CoreDataFeedStore.swift in Sources */ = {isa = PBXBuildFile; fileRef = 409359DE25EA6A7300915964 /* CoreDataFeedStore.swift */; };
		409359E425EA6A7300915964 /* CoreDataFeed+CoreDataProperties.swift in Sources */ = {isa = PBXBuildFile; fileRef = 409359DF25EA6A7300915964 /* CoreDataFeed+CoreDataProperties.swift */; };
		409359E525EA6A7300915964 /* CoreDataFeed+CoreDataClass.swift in Sources */ = {isa = PBXBuildFile; fileRef = 409359E025EA6A7300915964 /* CoreDataFeed+CoreDataClass.swift */; };
		409359ED25EA6C8700915964 /* CoreDataFeed.xcdatamodeld in Sources */ = {isa = PBXBuildFile; fileRef = 409359EA25EA6C8700915964 /* CoreDataFeed.xcdatamodeld */; };
		409359F325EA6CF700915964 /* CoreDataFeedStoreTests.swift in Sources */ = {isa = PBXBuildFile; fileRef = 409359F225EA6CF700915964 /* CoreDataFeedStoreTests.swift */; };
		409359F825EA6EBA00915964 /* CoreDataFeedImageDataStoreTests.swift in Sources */ = {isa = PBXBuildFile; fileRef = 409359D325EA692E00915964 /* CoreDataFeedImageDataStoreTests.swift */; };
		40B3CFC325E1769900CF7522 /* FeedViewControllerTests+Localization.swift in Sources */ = {isa = PBXBuildFile; fileRef = 40B3CFC225E1769900CF7522 /* FeedViewControllerTests+Localization.swift */; };
		40B3CFE525E17FD600CF7522 /* MainQueueDispatchDecorator.swift in Sources */ = {isa = PBXBuildFile; fileRef = 40B3CFE425E17FD600CF7522 /* MainQueueDispatchDecorator.swift */; };
		40B3CFEB25E1803C00CF7522 /* WeakRefVirtualProxy.swift in Sources */ = {isa = PBXBuildFile; fileRef = 40B3CFEA25E1803C00CF7522 /* WeakRefVirtualProxy.swift */; };
		40B3CFF125E1807900CF7522 /* FeedViewAdapter.swift in Sources */ = {isa = PBXBuildFile; fileRef = 40B3CFF025E1807900CF7522 /* FeedViewAdapter.swift */; };
		40B3CFF725E180CE00CF7522 /* FeedImageDataLoaderPresentationAdapter.swift in Sources */ = {isa = PBXBuildFile; fileRef = 40B3CFF625E180CE00CF7522 /* FeedImageDataLoaderPresentationAdapter.swift */; };
		40B3CFFD25E1810900CF7522 /* FeedLoaderPresentationAdapter.swift in Sources */ = {isa = PBXBuildFile; fileRef = 40B3CFFC25E1810900CF7522 /* FeedLoaderPresentationAdapter.swift */; };
		40EA36D325C566F8001CDDA6 /* FeedUIIntegrationTests.swift in Sources */ = {isa = PBXBuildFile; fileRef = 40EA36D225C566F8001CDDA6 /* FeedUIIntegrationTests.swift */; };
		40EA36F325C56B83001CDDA6 /* Feed.framework in Frameworks */ = {isa = PBXBuildFile; fileRef = 82357E3C247E873900E5AC7B /* Feed.framework */; platformFilter = ios; };
		40EA36F425C56B83001CDDA6 /* Feed.framework in Embed Frameworks */ = {isa = PBXBuildFile; fileRef = 82357E3C247E873900E5AC7B /* Feed.framework */; platformFilter = ios; settings = {ATTRIBUTES = (CodeSignOnCopy, RemoveHeadersOnCopy, ); }; };
		40EA370825C56D4E001CDDA6 /* XCTestCase+MemoryLeakTracking.swift in Sources */ = {isa = PBXBuildFile; fileRef = 827EDAEB248B92D700297FD8 /* XCTestCase+MemoryLeakTracking.swift */; };
		40EA370E25C5776E001CDDA6 /* FeedViewController.swift in Sources */ = {isa = PBXBuildFile; fileRef = 40EA370D25C5776E001CDDA6 /* FeedViewController.swift */; };
		40F5CC0225B45D42004B8B6F /* FeedStoreSpecs.swift in Sources */ = {isa = PBXBuildFile; fileRef = 40F5CC0125B45D42004B8B6F /* FeedStoreSpecs.swift */; };
		40F5CC0725B45DE0004B8B6F /* XCTestCase+FeedStoreSpecs.swift in Sources */ = {isa = PBXBuildFile; fileRef = 40F5CC0625B45DE0004B8B6F /* XCTestCase+FeedStoreSpecs.swift */; };
		40F5CC0C25B4793E004B8B6F /* XCTestCase+FailableRetrieveFeedStoreSpecs.swift in Sources */ = {isa = PBXBuildFile; fileRef = 40F5CC0B25B4793E004B8B6F /* XCTestCase+FailableRetrieveFeedStoreSpecs.swift */; };
		40F5CC1125B47A22004B8B6F /* XCTestCase+FailableInserFeedStoreSpecs.swift in Sources */ = {isa = PBXBuildFile; fileRef = 40F5CC1025B47A22004B8B6F /* XCTestCase+FailableInserFeedStoreSpecs.swift */; };
		40F5CC1625B47A9E004B8B6F /* XCTestCase+FailableDeleteFeedStoreSpecs.swift in Sources */ = {isa = PBXBuildFile; fileRef = 40F5CC1525B47A9E004B8B6F /* XCTestCase+FailableDeleteFeedStoreSpecs.swift */; };
		82322D6424B1D5AF00A43858 /* FeedCachePolicy.swift in Sources */ = {isa = PBXBuildFile; fileRef = 82322D6324B1D5AF00A43858 /* FeedCachePolicy.swift */; };
		82357E46247E873900E5AC7B /* Feed.framework in Frameworks */ = {isa = PBXBuildFile; fileRef = 82357E3C247E873900E5AC7B /* Feed.framework */; };
		82357E57247E879700E5AC7B /* FeedImage.swift in Sources */ = {isa = PBXBuildFile; fileRef = 82357E56247E879700E5AC7B /* FeedImage.swift */; };
		82357E59247E8D1400E5AC7B /* FeedLoader.swift in Sources */ = {isa = PBXBuildFile; fileRef = 82357E58247E8D1400E5AC7B /* FeedLoader.swift */; };
		82748B40248CF31D000857F2 /* FeedAPIEndToEndTests.swift in Sources */ = {isa = PBXBuildFile; fileRef = 82748B3F248CF31D000857F2 /* FeedAPIEndToEndTests.swift */; };
		82748B42248CF31D000857F2 /* Feed.framework in Frameworks */ = {isa = PBXBuildFile; fileRef = 82357E3C247E873900E5AC7B /* Feed.framework */; };
		82748B48248CFD5E000857F2 /* XCTestCase+MemoryLeakTracking.swift in Sources */ = {isa = PBXBuildFile; fileRef = 827EDAEB248B92D700297FD8 /* XCTestCase+MemoryLeakTracking.swift */; };
		827D66BF248254BF0035D0C9 /* RemoteFeedLoader.swift in Sources */ = {isa = PBXBuildFile; fileRef = 827D66BE248254BF0035D0C9 /* RemoteFeedLoader.swift */; };
		827EDAEC248B92D700297FD8 /* XCTestCase+MemoryLeakTracking.swift in Sources */ = {isa = PBXBuildFile; fileRef = 827EDAEB248B92D700297FD8 /* XCTestCase+MemoryLeakTracking.swift */; };
		827EDAEE248BA1E000297FD8 /* URLSessionHTTPClient.swift in Sources */ = {isa = PBXBuildFile; fileRef = 827EDAED248BA1E000297FD8 /* URLSessionHTTPClient.swift */; };
		827EEF40249E071500F863DA /* CacheFeedUseCaseTests.swift in Sources */ = {isa = PBXBuildFile; fileRef = 827EEF3F249E071500F863DA /* CacheFeedUseCaseTests.swift */; };
		827EFEEF2485434F007B79E2 /* URLSessionHTTPClientTests.swift in Sources */ = {isa = PBXBuildFile; fileRef = 827EFEEE2485434F007B79E2 /* URLSessionHTTPClientTests.swift */; };
		827F4535249F6B5800FF9776 /* LocalFeedLoader.swift in Sources */ = {isa = PBXBuildFile; fileRef = 827F4534249F6B5800FF9776 /* LocalFeedLoader.swift */; };
		827F4537249F6BF600FF9776 /* FeedStore.swift in Sources */ = {isa = PBXBuildFile; fileRef = 827F4536249F6BF600FF9776 /* FeedStore.swift */; };
		8284F8FB24A0A0D90075C4F3 /* LoadFeedFromCacheUseCaseTests.swift in Sources */ = {isa = PBXBuildFile; fileRef = 8284F8FA24A0A0D90075C4F3 /* LoadFeedFromCacheUseCaseTests.swift */; };
		8284F8FE24A0A1E00075C4F3 /* FeedStoreSpy.swift in Sources */ = {isa = PBXBuildFile; fileRef = 8284F8FD24A0A1E00075C4F3 /* FeedStoreSpy.swift */; };
		828A05892483D9A500443FF1 /* HTTPClient.swift in Sources */ = {isa = PBXBuildFile; fileRef = 828A05882483D9A500443FF1 /* HTTPClient.swift */; };
		828A058B2483DA0300443FF1 /* FeedItemMapper.swift in Sources */ = {isa = PBXBuildFile; fileRef = 828A058A2483DA0300443FF1 /* FeedItemMapper.swift */; };
		82A07C2724A20CC100EEB6C4 /* ValidateFeedCacheUseCaseTests.swift in Sources */ = {isa = PBXBuildFile; fileRef = 82A07C2624A20CC100EEB6C4 /* ValidateFeedCacheUseCaseTests.swift */; };
		82A07C2924A21A2F00EEB6C4 /* FeedCacheTestsHelpers.swift in Sources */ = {isa = PBXBuildFile; fileRef = 82A07C2824A21A2F00EEB6C4 /* FeedCacheTestsHelpers.swift */; };
		82A07C2B24A21B0700EEB6C4 /* SharedTestHelpers.swift in Sources */ = {isa = PBXBuildFile; fileRef = 82A07C2A24A21B0700EEB6C4 /* SharedTestHelpers.swift */; };
		82A56AC32480E2D900FE29AE /* LoadFeedFromRemoteUseCaseTests.swift in Sources */ = {isa = PBXBuildFile; fileRef = 82A56AC22480E2D900FE29AE /* LoadFeedFromRemoteUseCaseTests.swift */; };
		82A6EB26249FA1A700F7C508 /* RemoteFeedItem.swift in Sources */ = {isa = PBXBuildFile; fileRef = 82A6EB25249FA1A700F7C508 /* RemoteFeedItem.swift */; };
		82A6EB2E249FA2B700F7C508 /* LocalFeedImage.swift in Sources */ = {isa = PBXBuildFile; fileRef = 82A6EB2D249FA2B700F7C508 /* LocalFeedImage.swift */; };
/* End PBXBuildFile section */

/* Begin PBXContainerItemProxy section */
		4063CFD0259E1FBC00488A60 /* PBXContainerItemProxy */ = {
			isa = PBXContainerItemProxy;
			containerPortal = 82357E33247E873900E5AC7B /* Project object */;
			proxyType = 1;
			remoteGlobalIDString = 4063CFC5259E1FBC00488A60;
			remoteInfo = FeediOS;
		};
		40EA36F525C56B83001CDDA6 /* PBXContainerItemProxy */ = {
			isa = PBXContainerItemProxy;
			containerPortal = 82357E33247E873900E5AC7B /* Project object */;
			proxyType = 1;
			remoteGlobalIDString = 82357E3B247E873900E5AC7B;
			remoteInfo = Feed;
		};
		82357E47247E873900E5AC7B /* PBXContainerItemProxy */ = {
			isa = PBXContainerItemProxy;
			containerPortal = 82357E33247E873900E5AC7B /* Project object */;
			proxyType = 1;
			remoteGlobalIDString = 82357E3B247E873900E5AC7B;
			remoteInfo = Feed;
		};
		82748B43248CF31D000857F2 /* PBXContainerItemProxy */ = {
			isa = PBXContainerItemProxy;
			containerPortal = 82357E33247E873900E5AC7B /* Project object */;
			proxyType = 1;
			remoteGlobalIDString = 82357E3B247E873900E5AC7B;
			remoteInfo = Feed;
		};
/* End PBXContainerItemProxy section */

/* Begin PBXCopyFilesBuildPhase section */
		40EA36F725C56B83001CDDA6 /* Embed Frameworks */ = {
			isa = PBXCopyFilesBuildPhase;
			buildActionMask = 2147483647;
			dstPath = "";
			dstSubfolderSpec = 10;
			files = (
				40EA36F425C56B83001CDDA6 /* Feed.framework in Embed Frameworks */,
			);
			name = "Embed Frameworks";
			runOnlyForDeploymentPostprocessing = 0;
		};
/* End PBXCopyFilesBuildPhase section */

/* Begin PBXFileReference section */
		401E715625E901C50006437F /* ErrorView.swift */ = {isa = PBXFileReference; lastKnownFileType = sourcecode.swift; path = ErrorView.swift; sourceTree = "<group>"; };
		401E715C25E9038D0006437F /* FeedViewController+TestHelpers.swift */ = {isa = PBXFileReference; lastKnownFileType = sourcecode.swift; path = "FeedViewController+TestHelpers.swift"; sourceTree = "<group>"; };
		401E716225E903C30006437F /* UIButton+TestHelpers.swift */ = {isa = PBXFileReference; lastKnownFileType = sourcecode.swift; path = "UIButton+TestHelpers.swift"; sourceTree = "<group>"; };
		401E717425E909B10006437F /* HTTPURLResponse+StatusCode.swift */ = {isa = PBXFileReference; lastKnownFileType = sourcecode.swift; path = "HTTPURLResponse+StatusCode.swift"; sourceTree = "<group>"; };
		401E717E25E90BBA0006437F /* LoadFeedImageDataFromRemoteUseCaseTests.swift */ = {isa = PBXFileReference; lastKnownFileType = sourcecode.swift; path = LoadFeedImageDataFromRemoteUseCaseTests.swift; sourceTree = "<group>"; };
		401E718425E91EE70006437F /* HTTPClientSpy.swift */ = {isa = PBXFileReference; lastKnownFileType = sourcecode.swift; path = HTTPClientSpy.swift; sourceTree = "<group>"; };
		401E719825E920670006437F /* RemoteFeedImageDataLoader.swift */ = {isa = PBXFileReference; lastKnownFileType = sourcecode.swift; path = RemoteFeedImageDataLoader.swift; sourceTree = "<group>"; };
		401E719E25E925200006437F /* URLProtocolStub.swift */ = {isa = PBXFileReference; lastKnownFileType = sourcecode.swift; path = URLProtocolStub.swift; sourceTree = "<group>"; };
		401E71A825E9375A0006437F /* LoadFeedImageDataFromCacheUseCaseTests.swift */ = {isa = PBXFileReference; lastKnownFileType = sourcecode.swift; path = LoadFeedImageDataFromCacheUseCaseTests.swift; sourceTree = "<group>"; };
		401E71AE25E940390006437F /* FeedImageDataStore.swift */ = {isa = PBXFileReference; lastKnownFileType = sourcecode.swift; path = FeedImageDataStore.swift; sourceTree = "<group>"; };
		401E71B425E940660006437F /* LocalFeedImageDataLoader.swift */ = {isa = PBXFileReference; lastKnownFileType = sourcecode.swift; path = LocalFeedImageDataLoader.swift; sourceTree = "<group>"; };
		401E71BE25E94B8B0006437F /* FeedImageDataStoreSpy.swift */ = {isa = PBXFileReference; lastKnownFileType = sourcecode.swift; path = FeedImageDataStoreSpy.swift; sourceTree = "<group>"; };
		403B93D325D7D79F0027C345 /* FeedImageDataLoader.swift */ = {isa = PBXFileReference; lastKnownFileType = sourcecode.swift; path = FeedImageDataLoader.swift; sourceTree = "<group>"; };
		403B93E325D7DE3E0027C345 /* FeedImageCellController.swift */ = {isa = PBXFileReference; lastKnownFileType = sourcecode.swift; path = FeedImageCellController.swift; sourceTree = "<group>"; };
		403B93EE25D7E2E60027C345 /* FeedUIComposer.swift */ = {isa = PBXFileReference; lastKnownFileType = sourcecode.swift; path = FeedUIComposer.swift; sourceTree = "<group>"; };
		40545CD925E01CE200F96045 /* UITableView+Dequeueing.swift */ = {isa = PBXFileReference; lastKnownFileType = sourcecode.swift; path = "UITableView+Dequeueing.swift"; sourceTree = "<group>"; };
		40545CDF25E01DDE00F96045 /* UIImageView+Animation.swift */ = {isa = PBXFileReference; lastKnownFileType = sourcecode.swift; path = "UIImageView+Animation.swift"; sourceTree = "<group>"; };
		405BF23B25E52A0A002FE8E6 /* FeedPresenterTests.swift */ = {isa = PBXFileReference; lastKnownFileType = sourcecode.swift; path = FeedPresenterTests.swift; sourceTree = "<group>"; };
		405BF24C25E53473002FE8E6 /* en */ = {isa = PBXFileReference; lastKnownFileType = text.plist.strings; name = en; path = en.lproj/Feed.strings; sourceTree = "<group>"; };
		405BF25225E53479002FE8E6 /* el */ = {isa = PBXFileReference; lastKnownFileType = text.plist.strings; name = el; path = el.lproj/Feed.strings; sourceTree = "<group>"; };
		405BF25325E5347A002FE8E6 /* pt-BR */ = {isa = PBXFileReference; lastKnownFileType = text.plist.strings; name = "pt-BR"; path = "pt-BR.lproj/Feed.strings"; sourceTree = "<group>"; };
		405BF25925E5364F002FE8E6 /* FeedPresenter.swift */ = {isa = PBXFileReference; lastKnownFileType = sourcecode.swift; path = FeedPresenter.swift; sourceTree = "<group>"; };
		405BF26825E537C8002FE8E6 /* FeedViewModel.swift */ = {isa = PBXFileReference; lastKnownFileType = sourcecode.swift; path = FeedViewModel.swift; sourceTree = "<group>"; };
		405BF26E25E53803002FE8E6 /* FeedLoadingViewModel.swift */ = {isa = PBXFileReference; lastKnownFileType = sourcecode.swift; path = FeedLoadingViewModel.swift; sourceTree = "<group>"; };
		405BF27425E5382D002FE8E6 /* FeedErrorViewModel.swift */ = {isa = PBXFileReference; lastKnownFileType = sourcecode.swift; path = FeedErrorViewModel.swift; sourceTree = "<group>"; };
		405CD80225D85BF80071B71B /* FeedImageViewModel.swift */ = {isa = PBXFileReference; lastKnownFileType = sourcecode.swift; path = FeedImageViewModel.swift; sourceTree = "<group>"; };
		40610E8325E00F5000284022 /* Feed.storyboard */ = {isa = PBXFileReference; fileEncoding = 4; lastKnownFileType = file.storyboard; path = Feed.storyboard; sourceTree = "<group>"; };
		40610E8925E00FDA00284022 /* FeedAssets.xcassets */ = {isa = PBXFileReference; lastKnownFileType = folder.assetcatalog; path = FeedAssets.xcassets; sourceTree = "<group>"; };
		4063CFC6259E1FBC00488A60 /* FeediOS.framework */ = {isa = PBXFileReference; explicitFileType = wrapper.framework; includeInIndex = 0; path = FeediOS.framework; sourceTree = BUILT_PRODUCTS_DIR; };
		4063CFC9259E1FBC00488A60 /* Info.plist */ = {isa = PBXFileReference; lastKnownFileType = text.plist.xml; path = Info.plist; sourceTree = "<group>"; };
		4063CFCE259E1FBC00488A60 /* FeediOSTests.xctest */ = {isa = PBXFileReference; explicitFileType = wrapper.cfbundle; includeInIndex = 0; path = FeediOSTests.xctest; sourceTree = BUILT_PRODUCTS_DIR; };
		4063CFD5259E1FBC00488A60 /* Info.plist */ = {isa = PBXFileReference; lastKnownFileType = text.plist.xml; path = Info.plist; sourceTree = "<group>"; };
		408F062C25CD53EE001000DD /* FeedImageCell.swift */ = {isa = PBXFileReference; lastKnownFileType = sourcecode.swift; path = FeedImageCell.swift; sourceTree = "<group>"; };
		408F063225CD75E9001000DD /* UIView+Shimmering.swift */ = {isa = PBXFileReference; lastKnownFileType = sourcecode.swift; path = "UIView+Shimmering.swift"; sourceTree = "<group>"; };
		409359C925EA668D00915964 /* CacheFeedImageDataUseCaseTests.swift */ = {isa = PBXFileReference; lastKnownFileType = sourcecode.swift; path = CacheFeedImageDataUseCaseTests.swift; sourceTree = "<group>"; };
		409359D325EA692E00915964 /* CoreDataFeedImageDataStoreTests.swift */ = {isa = PBXFileReference; lastKnownFileType = sourcecode.swift; path = CoreDataFeedImageDataStoreTests.swift; sourceTree = "<group>"; };
		409359DC25EA6A7300915964 /* CoreDataFeedImage+CoreDataProperties.swift */ = {isa = PBXFileReference; fileEncoding = 4; lastKnownFileType = sourcecode.swift; path = "CoreDataFeedImage+CoreDataProperties.swift"; sourceTree = "<group>"; };
		409359DD25EA6A7300915964 /* CoreDataFeedImage+CoreDataClass.swift */ = {isa = PBXFileReference; fileEncoding = 4; lastKnownFileType = sourcecode.swift; path = "CoreDataFeedImage+CoreDataClass.swift"; sourceTree = "<group>"; };
		409359DE25EA6A7300915964 /* CoreDataFeedStore.swift */ = {isa = PBXFileReference; fileEncoding = 4; lastKnownFileType = sourcecode.swift; path = CoreDataFeedStore.swift; sourceTree = "<group>"; };
		409359DF25EA6A7300915964 /* CoreDataFeed+CoreDataProperties.swift */ = {isa = PBXFileReference; fileEncoding = 4; lastKnownFileType = sourcecode.swift; path = "CoreDataFeed+CoreDataProperties.swift"; sourceTree = "<group>"; };
		409359E025EA6A7300915964 /* CoreDataFeed+CoreDataClass.swift */ = {isa = PBXFileReference; fileEncoding = 4; lastKnownFileType = sourcecode.swift; path = "CoreDataFeed+CoreDataClass.swift"; sourceTree = "<group>"; };
		409359EB25EA6C8700915964 /* CoreDataFeed.xcdatamodel */ = {isa = PBXFileReference; lastKnownFileType = wrapper.xcdatamodel; path = CoreDataFeed.xcdatamodel; sourceTree = "<group>"; };
		409359EC25EA6C8700915964 /* CoreDataFeed 2.xcdatamodel */ = {isa = PBXFileReference; lastKnownFileType = wrapper.xcdatamodel; path = "CoreDataFeed 2.xcdatamodel"; sourceTree = "<group>"; };
		409359F225EA6CF700915964 /* CoreDataFeedStoreTests.swift */ = {isa = PBXFileReference; lastKnownFileType = sourcecode.swift; path = CoreDataFeedStoreTests.swift; sourceTree = "<group>"; };
		40B3CFC225E1769900CF7522 /* FeedViewControllerTests+Localization.swift */ = {isa = PBXFileReference; lastKnownFileType = sourcecode.swift; path = "FeedViewControllerTests+Localization.swift"; sourceTree = "<group>"; };
		40B3CFDA25E1782500CF7522 /* FeedLocalizationTests.swift */ = {isa = PBXFileReference; lastKnownFileType = sourcecode.swift; path = FeedLocalizationTests.swift; sourceTree = "<group>"; };
		40B3CFE425E17FD600CF7522 /* MainQueueDispatchDecorator.swift */ = {isa = PBXFileReference; lastKnownFileType = sourcecode.swift; path = MainQueueDispatchDecorator.swift; sourceTree = "<group>"; };
		40B3CFEA25E1803C00CF7522 /* WeakRefVirtualProxy.swift */ = {isa = PBXFileReference; lastKnownFileType = sourcecode.swift; path = WeakRefVirtualProxy.swift; sourceTree = "<group>"; };
		40B3CFF025E1807900CF7522 /* FeedViewAdapter.swift */ = {isa = PBXFileReference; lastKnownFileType = sourcecode.swift; path = FeedViewAdapter.swift; sourceTree = "<group>"; };
		40B3CFF625E180CE00CF7522 /* FeedImageDataLoaderPresentationAdapter.swift */ = {isa = PBXFileReference; lastKnownFileType = sourcecode.swift; path = FeedImageDataLoaderPresentationAdapter.swift; sourceTree = "<group>"; };
		40B3CFFC25E1810900CF7522 /* FeedLoaderPresentationAdapter.swift */ = {isa = PBXFileReference; lastKnownFileType = sourcecode.swift; path = FeedLoaderPresentationAdapter.swift; sourceTree = "<group>"; };
		40CF44B025DA60C000FEEC30 /* FeedImagePresenter.swift */ = {isa = PBXFileReference; lastKnownFileType = sourcecode.swift; path = FeedImagePresenter.swift; sourceTree = "<group>"; };
		40EA36D225C566F8001CDDA6 /* FeedUIIntegrationTests.swift */ = {isa = PBXFileReference; lastKnownFileType = sourcecode.swift; path = FeedUIIntegrationTests.swift; sourceTree = "<group>"; };
		40EA370D25C5776E001CDDA6 /* FeedViewController.swift */ = {isa = PBXFileReference; lastKnownFileType = sourcecode.swift; path = FeedViewController.swift; sourceTree = "<group>"; };
		40F5CC0125B45D42004B8B6F /* FeedStoreSpecs.swift */ = {isa = PBXFileReference; lastKnownFileType = sourcecode.swift; path = FeedStoreSpecs.swift; sourceTree = "<group>"; };
		40F5CC0625B45DE0004B8B6F /* XCTestCase+FeedStoreSpecs.swift */ = {isa = PBXFileReference; lastKnownFileType = sourcecode.swift; path = "XCTestCase+FeedStoreSpecs.swift"; sourceTree = "<group>"; };
		40F5CC0B25B4793E004B8B6F /* XCTestCase+FailableRetrieveFeedStoreSpecs.swift */ = {isa = PBXFileReference; lastKnownFileType = sourcecode.swift; path = "XCTestCase+FailableRetrieveFeedStoreSpecs.swift"; sourceTree = "<group>"; };
		40F5CC1025B47A22004B8B6F /* XCTestCase+FailableInserFeedStoreSpecs.swift */ = {isa = PBXFileReference; lastKnownFileType = sourcecode.swift; path = "XCTestCase+FailableInserFeedStoreSpecs.swift"; sourceTree = "<group>"; };
		40F5CC1525B47A9E004B8B6F /* XCTestCase+FailableDeleteFeedStoreSpecs.swift */ = {isa = PBXFileReference; lastKnownFileType = sourcecode.swift; path = "XCTestCase+FailableDeleteFeedStoreSpecs.swift"; sourceTree = "<group>"; };
		82322D6324B1D5AF00A43858 /* FeedCachePolicy.swift */ = {isa = PBXFileReference; lastKnownFileType = sourcecode.swift; path = FeedCachePolicy.swift; sourceTree = "<group>"; };
		82357E3C247E873900E5AC7B /* Feed.framework */ = {isa = PBXFileReference; explicitFileType = wrapper.framework; includeInIndex = 0; path = Feed.framework; sourceTree = BUILT_PRODUCTS_DIR; };
		82357E40247E873900E5AC7B /* Info.plist */ = {isa = PBXFileReference; lastKnownFileType = text.plist.xml; path = Info.plist; sourceTree = "<group>"; };
		82357E45247E873900E5AC7B /* FeedTests.xctest */ = {isa = PBXFileReference; explicitFileType = wrapper.cfbundle; includeInIndex = 0; path = FeedTests.xctest; sourceTree = BUILT_PRODUCTS_DIR; };
		82357E4C247E873900E5AC7B /* Info.plist */ = {isa = PBXFileReference; lastKnownFileType = text.plist.xml; path = Info.plist; sourceTree = "<group>"; };
		82357E56247E879700E5AC7B /* FeedImage.swift */ = {isa = PBXFileReference; lastKnownFileType = sourcecode.swift; path = FeedImage.swift; sourceTree = "<group>"; };
		82357E58247E8D1400E5AC7B /* FeedLoader.swift */ = {isa = PBXFileReference; lastKnownFileType = sourcecode.swift; path = FeedLoader.swift; sourceTree = "<group>"; };
		82748B3D248CF31D000857F2 /* FeedAPIEndToEndTests.xctest */ = {isa = PBXFileReference; explicitFileType = wrapper.cfbundle; includeInIndex = 0; path = FeedAPIEndToEndTests.xctest; sourceTree = BUILT_PRODUCTS_DIR; };
		82748B3F248CF31D000857F2 /* FeedAPIEndToEndTests.swift */ = {isa = PBXFileReference; lastKnownFileType = sourcecode.swift; path = FeedAPIEndToEndTests.swift; sourceTree = "<group>"; };
		82748B41248CF31D000857F2 /* Info.plist */ = {isa = PBXFileReference; lastKnownFileType = text.plist.xml; path = Info.plist; sourceTree = "<group>"; };
		827D66BE248254BF0035D0C9 /* RemoteFeedLoader.swift */ = {isa = PBXFileReference; lastKnownFileType = sourcecode.swift; path = RemoteFeedLoader.swift; sourceTree = "<group>"; };
		827EDAEB248B92D700297FD8 /* XCTestCase+MemoryLeakTracking.swift */ = {isa = PBXFileReference; lastKnownFileType = sourcecode.swift; path = "XCTestCase+MemoryLeakTracking.swift"; sourceTree = "<group>"; };
		827EDAED248BA1E000297FD8 /* URLSessionHTTPClient.swift */ = {isa = PBXFileReference; lastKnownFileType = sourcecode.swift; path = URLSessionHTTPClient.swift; sourceTree = "<group>"; };
		827EEF3F249E071500F863DA /* CacheFeedUseCaseTests.swift */ = {isa = PBXFileReference; lastKnownFileType = sourcecode.swift; path = CacheFeedUseCaseTests.swift; sourceTree = "<group>"; };
		827EFEEE2485434F007B79E2 /* URLSessionHTTPClientTests.swift */ = {isa = PBXFileReference; lastKnownFileType = sourcecode.swift; path = URLSessionHTTPClientTests.swift; sourceTree = "<group>"; };
		827F4534249F6B5800FF9776 /* LocalFeedLoader.swift */ = {isa = PBXFileReference; lastKnownFileType = sourcecode.swift; path = LocalFeedLoader.swift; sourceTree = "<group>"; };
		827F4536249F6BF600FF9776 /* FeedStore.swift */ = {isa = PBXFileReference; lastKnownFileType = sourcecode.swift; path = FeedStore.swift; sourceTree = "<group>"; };
		8284F8FA24A0A0D90075C4F3 /* LoadFeedFromCacheUseCaseTests.swift */ = {isa = PBXFileReference; lastKnownFileType = sourcecode.swift; path = LoadFeedFromCacheUseCaseTests.swift; sourceTree = "<group>"; };
		8284F8FD24A0A1E00075C4F3 /* FeedStoreSpy.swift */ = {isa = PBXFileReference; lastKnownFileType = sourcecode.swift; path = FeedStoreSpy.swift; sourceTree = "<group>"; };
		828A05882483D9A500443FF1 /* HTTPClient.swift */ = {isa = PBXFileReference; lastKnownFileType = sourcecode.swift; path = HTTPClient.swift; sourceTree = "<group>"; };
		828A058A2483DA0300443FF1 /* FeedItemMapper.swift */ = {isa = PBXFileReference; lastKnownFileType = sourcecode.swift; path = FeedItemMapper.swift; sourceTree = "<group>"; };
		82A07C2624A20CC100EEB6C4 /* ValidateFeedCacheUseCaseTests.swift */ = {isa = PBXFileReference; lastKnownFileType = sourcecode.swift; path = ValidateFeedCacheUseCaseTests.swift; sourceTree = "<group>"; };
		82A07C2824A21A2F00EEB6C4 /* FeedCacheTestsHelpers.swift */ = {isa = PBXFileReference; lastKnownFileType = sourcecode.swift; path = FeedCacheTestsHelpers.swift; sourceTree = "<group>"; };
		82A07C2A24A21B0700EEB6C4 /* SharedTestHelpers.swift */ = {isa = PBXFileReference; lastKnownFileType = sourcecode.swift; path = SharedTestHelpers.swift; sourceTree = "<group>"; };
		82A56AC22480E2D900FE29AE /* LoadFeedFromRemoteUseCaseTests.swift */ = {isa = PBXFileReference; lastKnownFileType = sourcecode.swift; path = LoadFeedFromRemoteUseCaseTests.swift; sourceTree = "<group>"; };
		82A6EB25249FA1A700F7C508 /* RemoteFeedItem.swift */ = {isa = PBXFileReference; lastKnownFileType = sourcecode.swift; path = RemoteFeedItem.swift; sourceTree = "<group>"; };
		82A6EB2D249FA2B700F7C508 /* LocalFeedImage.swift */ = {isa = PBXFileReference; lastKnownFileType = sourcecode.swift; path = LocalFeedImage.swift; sourceTree = "<group>"; };
/* End PBXFileReference section */

/* Begin PBXFrameworksBuildPhase section */
		4063CFC3259E1FBC00488A60 /* Frameworks */ = {
			isa = PBXFrameworksBuildPhase;
			buildActionMask = 2147483647;
			files = (
				40EA36F325C56B83001CDDA6 /* Feed.framework in Frameworks */,
			);
			runOnlyForDeploymentPostprocessing = 0;
		};
		4063CFCB259E1FBC00488A60 /* Frameworks */ = {
			isa = PBXFrameworksBuildPhase;
			buildActionMask = 2147483647;
			files = (
				4063CFCF259E1FBC00488A60 /* FeediOS.framework in Frameworks */,
			);
			runOnlyForDeploymentPostprocessing = 0;
		};
		82357E39247E873900E5AC7B /* Frameworks */ = {
			isa = PBXFrameworksBuildPhase;
			buildActionMask = 2147483647;
			files = (
			);
			runOnlyForDeploymentPostprocessing = 0;
		};
		82357E42247E873900E5AC7B /* Frameworks */ = {
			isa = PBXFrameworksBuildPhase;
			buildActionMask = 2147483647;
			files = (
				82357E46247E873900E5AC7B /* Feed.framework in Frameworks */,
			);
			runOnlyForDeploymentPostprocessing = 0;
		};
		82748B3A248CF31D000857F2 /* Frameworks */ = {
			isa = PBXFrameworksBuildPhase;
			buildActionMask = 2147483647;
			files = (
				82748B42248CF31D000857F2 /* Feed.framework in Frameworks */,
			);
			runOnlyForDeploymentPostprocessing = 0;
		};
/* End PBXFrameworksBuildPhase section */

/* Begin PBXGroup section */
		401E717325E909A40006437F /* Helpers */ = {
			isa = PBXGroup;
			children = (
				401E717425E909B10006437F /* HTTPURLResponse+StatusCode.swift */,
			);
			path = Helpers;
			sourceTree = "<group>";
		};
		401E718A25E91FFF0006437F /* Helpers */ = {
			isa = PBXGroup;
			children = (
				401E718425E91EE70006437F /* HTTPClientSpy.swift */,
				401E719E25E925200006437F /* URLProtocolStub.swift */,
			);
			path = Helpers;
			sourceTree = "<group>";
		};
		403B93C925D7D72C0027C345 /* Feed Image Loader */ = {
			isa = PBXGroup;
			children = (
			);
			path = "Feed Image Loader";
			sourceTree = "<group>";
		};
		403B93CA25D7D73B0027C345 /* Feed UI */ = {
			isa = PBXGroup;
			children = (
				403B93ED25D7E2BA0027C345 /* Composer */,
				403B93CB25D7D7400027C345 /* Controllers */,
				403B93CC25D7D7440027C345 /* Views */,
			);
			path = "Feed UI";
			sourceTree = "<group>";
		};
		403B93CB25D7D7400027C345 /* Controllers */ = {
			isa = PBXGroup;
			children = (
				403B93E325D7DE3E0027C345 /* FeedImageCellController.swift */,
				40EA370D25C5776E001CDDA6 /* FeedViewController.swift */,
			);
			path = Controllers;
			sourceTree = "<group>";
		};
		403B93CC25D7D7440027C345 /* Views */ = {
			isa = PBXGroup;
			children = (
				40610E8325E00F5000284022 /* Feed.storyboard */,
				408F062C25CD53EE001000DD /* FeedImageCell.swift */,
				408F063225CD75E9001000DD /* UIView+Shimmering.swift */,
				40610E8925E00FDA00284022 /* FeedAssets.xcassets */,
				40545CD925E01CE200F96045 /* UITableView+Dequeueing.swift */,
				40545CDF25E01DDE00F96045 /* UIImageView+Animation.swift */,
				401E715625E901C50006437F /* ErrorView.swift */,
			);
			path = Views;
			sourceTree = "<group>";
		};
		403B93D125D7D75E0027C345 /* Controllers */ = {
			isa = PBXGroup;
			children = (
				403B93D225D7D7610027C345 /* Helpers */,
				40EA36D225C566F8001CDDA6 /* FeedUIIntegrationTests.swift */,
			);
			path = Controllers;
			sourceTree = "<group>";
		};
		403B93D225D7D7610027C345 /* Helpers */ = {
			isa = PBXGroup;
			children = (
				40B3CFC225E1769900CF7522 /* FeedViewControllerTests+Localization.swift */,
				401E715C25E9038D0006437F /* FeedViewController+TestHelpers.swift */,
				401E716225E903C30006437F /* UIButton+TestHelpers.swift */,
			);
			path = Helpers;
			sourceTree = "<group>";
		};
		403B93ED25D7E2BA0027C345 /* Composer */ = {
			isa = PBXGroup;
			children = (
				403B93EE25D7E2E60027C345 /* FeedUIComposer.swift */,
				40B3CFE425E17FD600CF7522 /* MainQueueDispatchDecorator.swift */,
				40B3CFEA25E1803C00CF7522 /* WeakRefVirtualProxy.swift */,
				40B3CFF025E1807900CF7522 /* FeedViewAdapter.swift */,
				40B3CFF625E180CE00CF7522 /* FeedImageDataLoaderPresentationAdapter.swift */,
				40B3CFFC25E1810900CF7522 /* FeedLoaderPresentationAdapter.swift */,
			);
			path = Composer;
			sourceTree = "<group>";
		};
		405BF23A25E529F3002FE8E6 /* Feed Presentation */ = {
			isa = PBXGroup;
			children = (
				40B3CFDA25E1782500CF7522 /* FeedLocalizationTests.swift */,
				405BF23B25E52A0A002FE8E6 /* FeedPresenterTests.swift */,
			);
			path = "Feed Presentation";
			sourceTree = "<group>";
		};
		405BF25825E5360D002FE8E6 /* FeedPresentation */ = {
			isa = PBXGroup;
			children = (
				405BF24D25E53473002FE8E6 /* Feed.strings */,
				405BF25925E5364F002FE8E6 /* FeedPresenter.swift */,
				405BF26825E537C8002FE8E6 /* FeedViewModel.swift */,
				405BF26E25E53803002FE8E6 /* FeedLoadingViewModel.swift */,
				405BF27425E5382D002FE8E6 /* FeedErrorViewModel.swift */,
				405CD80225D85BF80071B71B /* FeedImageViewModel.swift */,
				40CF44B025DA60C000FEEC30 /* FeedImagePresenter.swift */,
			);
			path = FeedPresentation;
			sourceTree = "<group>";
		};
		4063CFC7259E1FBC00488A60 /* FeediOS */ = {
			isa = PBXGroup;
			children = (
				403B93C925D7D72C0027C345 /* Feed Image Loader */,
				403B93CA25D7D73B0027C345 /* Feed UI */,
				4063CFC9259E1FBC00488A60 /* Info.plist */,
			);
			path = FeediOS;
			sourceTree = "<group>";
		};
		4063CFD2259E1FBC00488A60 /* FeediOSTests */ = {
			isa = PBXGroup;
			children = (
				403B93D125D7D75E0027C345 /* Controllers */,
				4063CFD5259E1FBC00488A60 /* Info.plist */,
			);
			path = FeediOSTests;
			sourceTree = "<group>";
		};
		409359DB25EA6A6400915964 /* CoreData */ = {
			isa = PBXGroup;
			children = (
				409359EA25EA6C8700915964 /* CoreDataFeed.xcdatamodeld */,
				409359E025EA6A7300915964 /* CoreDataFeed+CoreDataClass.swift */,
				409359DF25EA6A7300915964 /* CoreDataFeed+CoreDataProperties.swift */,
				409359DD25EA6A7300915964 /* CoreDataFeedImage+CoreDataClass.swift */,
				409359DC25EA6A7300915964 /* CoreDataFeedImage+CoreDataProperties.swift */,
				409359DE25EA6A7300915964 /* CoreDataFeedStore.swift */,
			);
			path = CoreData;
			sourceTree = "<group>";
		};
		40EA36F225C56B83001CDDA6 /* Frameworks */ = {
			isa = PBXGroup;
			children = (
			);
			name = Frameworks;
			sourceTree = "<group>";
		};
		40F5CC1A25B47B16004B8B6F /* FeedStoreSpecs */ = {
			isa = PBXGroup;
			children = (
				40F5CC0125B45D42004B8B6F /* FeedStoreSpecs.swift */,
				40F5CC0625B45DE0004B8B6F /* XCTestCase+FeedStoreSpecs.swift */,
				40F5CC0B25B4793E004B8B6F /* XCTestCase+FailableRetrieveFeedStoreSpecs.swift */,
				40F5CC1025B47A22004B8B6F /* XCTestCase+FailableInserFeedStoreSpecs.swift */,
				40F5CC1525B47A9E004B8B6F /* XCTestCase+FailableDeleteFeedStoreSpecs.swift */,
			);
			path = FeedStoreSpecs;
			sourceTree = "<group>";
		};
		82357E32247E873900E5AC7B = {
			isa = PBXGroup;
			children = (
				82357E3E247E873900E5AC7B /* Feed */,
				82357E49247E873900E5AC7B /* FeedTests */,
				82748B3E248CF31D000857F2 /* FeedAPIEndToEndTests */,
				4063CFC7259E1FBC00488A60 /* FeediOS */,
				4063CFD2259E1FBC00488A60 /* FeediOSTests */,
				82357E3D247E873900E5AC7B /* Products */,
				40EA36F225C56B83001CDDA6 /* Frameworks */,
			);
			sourceTree = "<group>";
		};
		82357E3D247E873900E5AC7B /* Products */ = {
			isa = PBXGroup;
			children = (
				82357E3C247E873900E5AC7B /* Feed.framework */,
				82357E45247E873900E5AC7B /* FeedTests.xctest */,
				82748B3D248CF31D000857F2 /* FeedAPIEndToEndTests.xctest */,
				4063CFC6259E1FBC00488A60 /* FeediOS.framework */,
				4063CFCE259E1FBC00488A60 /* FeediOSTests.xctest */,
			);
			name = Products;
			sourceTree = "<group>";
		};
		82357E3E247E873900E5AC7B /* Feed */ = {
			isa = PBXGroup;
			children = (
				405BF25825E5360D002FE8E6 /* FeedPresentation */,
				82357E40247E873900E5AC7B /* Info.plist */,
				82357E5A247E8DBC00E5AC7B /* Feed Feature */,
				827D66BD248254AB0035D0C9 /* FeedAPI */,
				827F4533249F6B3400FF9776 /* FeedCache */,
			);
			path = Feed;
			sourceTree = "<group>";
		};
		82357E49247E873900E5AC7B /* FeedTests */ = {
			isa = PBXGroup;
			children = (
				405BF23A25E529F3002FE8E6 /* Feed Presentation */,
				82357E4C247E873900E5AC7B /* Info.plist */,
				827EDAEA248B92BC00297FD8 /* Helper */,
				827EEF3E249E070300F863DA /* FeedCache */,
				828A058C2483EC2400443FF1 /* FeedAPI */,
			);
			path = FeedTests;
			sourceTree = "<group>";
		};
		82357E5A247E8DBC00E5AC7B /* Feed Feature */ = {
			isa = PBXGroup;
			children = (
				403B93D325D7D79F0027C345 /* FeedImageDataLoader.swift */,
				82357E58247E8D1400E5AC7B /* FeedLoader.swift */,
				82357E56247E879700E5AC7B /* FeedImage.swift */,
			);
			path = "Feed Feature";
			sourceTree = "<group>";
		};
		82748B3E248CF31D000857F2 /* FeedAPIEndToEndTests */ = {
			isa = PBXGroup;
			children = (
				82748B3F248CF31D000857F2 /* FeedAPIEndToEndTests.swift */,
				82748B41248CF31D000857F2 /* Info.plist */,
			);
			path = FeedAPIEndToEndTests;
			sourceTree = "<group>";
		};
		827D66BD248254AB0035D0C9 /* FeedAPI */ = {
			isa = PBXGroup;
			children = (
				401E717325E909A40006437F /* Helpers */,
				828A058A2483DA0300443FF1 /* FeedItemMapper.swift */,
				828A05882483D9A500443FF1 /* HTTPClient.swift */,
				82A6EB25249FA1A700F7C508 /* RemoteFeedItem.swift */,
				827D66BE248254BF0035D0C9 /* RemoteFeedLoader.swift */,
				827EDAED248BA1E000297FD8 /* URLSessionHTTPClient.swift */,
				401E719825E920670006437F /* RemoteFeedImageDataLoader.swift */,
			);
			path = FeedAPI;
			sourceTree = "<group>";
		};
		827EDAEA248B92BC00297FD8 /* Helper */ = {
			isa = PBXGroup;
			children = (
				827EDAEB248B92D700297FD8 /* XCTestCase+MemoryLeakTracking.swift */,
				82A07C2A24A21B0700EEB6C4 /* SharedTestHelpers.swift */,
			);
			path = Helper;
			sourceTree = "<group>";
		};
		827EEF3E249E070300F863DA /* FeedCache */ = {
			isa = PBXGroup;
			children = (
				40F5CC1A25B47B16004B8B6F /* FeedStoreSpecs */,
				8284F8FC24A0A1D40075C4F3 /* Helpers */,
				409359C925EA668D00915964 /* CacheFeedImageDataUseCaseTests.swift */,
				827EEF3F249E071500F863DA /* CacheFeedUseCaseTests.swift */,
				409359D325EA692E00915964 /* CoreDataFeedImageDataStoreTests.swift */,
				409359F225EA6CF700915964 /* CoreDataFeedStoreTests.swift */,
				8284F8FA24A0A0D90075C4F3 /* LoadFeedFromCacheUseCaseTests.swift */,
				401E71A825E9375A0006437F /* LoadFeedImageDataFromCacheUseCaseTests.swift */,
				82A07C2624A20CC100EEB6C4 /* ValidateFeedCacheUseCaseTests.swift */,
			);
			path = FeedCache;
			sourceTree = "<group>";
		};
		827F4533249F6B3400FF9776 /* FeedCache */ = {
			isa = PBXGroup;
			children = (
				409359DB25EA6A6400915964 /* CoreData */,
				827F4534249F6B5800FF9776 /* LocalFeedLoader.swift */,
				827F4536249F6BF600FF9776 /* FeedStore.swift */,
				82A6EB2D249FA2B700F7C508 /* LocalFeedImage.swift */,
				82322D6324B1D5AF00A43858 /* FeedCachePolicy.swift */,
				401E71AE25E940390006437F /* FeedImageDataStore.swift */,
				401E71B425E940660006437F /* LocalFeedImageDataLoader.swift */,
			);
			path = FeedCache;
			sourceTree = "<group>";
		};
		8284F8FC24A0A1D40075C4F3 /* Helpers */ = {
			isa = PBXGroup;
			children = (
				8284F8FD24A0A1E00075C4F3 /* FeedStoreSpy.swift */,
				82A07C2824A21A2F00EEB6C4 /* FeedCacheTestsHelpers.swift */,
				401E71BE25E94B8B0006437F /* FeedImageDataStoreSpy.swift */,
			);
			path = Helpers;
			sourceTree = "<group>";
		};
		828A058C2483EC2400443FF1 /* FeedAPI */ = {
			isa = PBXGroup;
			children = (
				401E718A25E91FFF0006437F /* Helpers */,
				82A56AC22480E2D900FE29AE /* LoadFeedFromRemoteUseCaseTests.swift */,
				827EFEEE2485434F007B79E2 /* URLSessionHTTPClientTests.swift */,
				401E717E25E90BBA0006437F /* LoadFeedImageDataFromRemoteUseCaseTests.swift */,
			);
			path = FeedAPI;
			sourceTree = "<group>";
		};
/* End PBXGroup section */

/* Begin PBXHeadersBuildPhase section */
		4063CFC1259E1FBC00488A60 /* Headers */ = {
			isa = PBXHeadersBuildPhase;
			buildActionMask = 2147483647;
			files = (
			);
			runOnlyForDeploymentPostprocessing = 0;
		};
		82357E37247E873900E5AC7B /* Headers */ = {
			isa = PBXHeadersBuildPhase;
			buildActionMask = 2147483647;
			files = (
			);
			runOnlyForDeploymentPostprocessing = 0;
		};
/* End PBXHeadersBuildPhase section */

/* Begin PBXNativeTarget section */
		4063CFC5259E1FBC00488A60 /* FeediOS */ = {
			isa = PBXNativeTarget;
			buildConfigurationList = 4063CFD7259E1FBC00488A60 /* Build configuration list for PBXNativeTarget "FeediOS" */;
			buildPhases = (
				4063CFC1259E1FBC00488A60 /* Headers */,
				4063CFC2259E1FBC00488A60 /* Sources */,
				4063CFC3259E1FBC00488A60 /* Frameworks */,
				4063CFC4259E1FBC00488A60 /* Resources */,
				40EA36F725C56B83001CDDA6 /* Embed Frameworks */,
			);
			buildRules = (
			);
			dependencies = (
				40EA36F625C56B83001CDDA6 /* PBXTargetDependency */,
			);
			name = FeediOS;
			productName = FeediOS;
			productReference = 4063CFC6259E1FBC00488A60 /* FeediOS.framework */;
			productType = "com.apple.product-type.framework";
		};
		4063CFCD259E1FBC00488A60 /* FeediOSTests */ = {
			isa = PBXNativeTarget;
			buildConfigurationList = 4063CFDA259E1FBC00488A60 /* Build configuration list for PBXNativeTarget "FeediOSTests" */;
			buildPhases = (
				4063CFCA259E1FBC00488A60 /* Sources */,
				4063CFCB259E1FBC00488A60 /* Frameworks */,
				4063CFCC259E1FBC00488A60 /* Resources */,
			);
			buildRules = (
			);
			dependencies = (
				4063CFD1259E1FBC00488A60 /* PBXTargetDependency */,
			);
			name = FeediOSTests;
			productName = FeediOSTests;
			productReference = 4063CFCE259E1FBC00488A60 /* FeediOSTests.xctest */;
			productType = "com.apple.product-type.bundle.unit-test";
		};
		82357E3B247E873900E5AC7B /* Feed */ = {
			isa = PBXNativeTarget;
			buildConfigurationList = 82357E50247E873900E5AC7B /* Build configuration list for PBXNativeTarget "Feed" */;
			buildPhases = (
				82357E37247E873900E5AC7B /* Headers */,
				82357E38247E873900E5AC7B /* Sources */,
				82357E39247E873900E5AC7B /* Frameworks */,
				82357E3A247E873900E5AC7B /* Resources */,
			);
			buildRules = (
			);
			dependencies = (
			);
			name = Feed;
			productName = Feed;
			productReference = 82357E3C247E873900E5AC7B /* Feed.framework */;
			productType = "com.apple.product-type.framework";
		};
		82357E44247E873900E5AC7B /* FeedTests */ = {
			isa = PBXNativeTarget;
			buildConfigurationList = 82357E53247E873900E5AC7B /* Build configuration list for PBXNativeTarget "FeedTests" */;
			buildPhases = (
				82357E41247E873900E5AC7B /* Sources */,
				82357E42247E873900E5AC7B /* Frameworks */,
				82357E43247E873900E5AC7B /* Resources */,
			);
			buildRules = (
			);
			dependencies = (
				82357E48247E873900E5AC7B /* PBXTargetDependency */,
			);
			name = FeedTests;
			productName = FeedTests;
			productReference = 82357E45247E873900E5AC7B /* FeedTests.xctest */;
			productType = "com.apple.product-type.bundle.unit-test";
		};
		82748B3C248CF31D000857F2 /* FeedAPIEndToEndTests */ = {
			isa = PBXNativeTarget;
			buildConfigurationList = 82748B47248CF31D000857F2 /* Build configuration list for PBXNativeTarget "FeedAPIEndToEndTests" */;
			buildPhases = (
				82748B39248CF31D000857F2 /* Sources */,
				82748B3A248CF31D000857F2 /* Frameworks */,
				82748B3B248CF31D000857F2 /* Resources */,
			);
			buildRules = (
			);
			dependencies = (
				82748B44248CF31D000857F2 /* PBXTargetDependency */,
			);
			name = FeedAPIEndToEndTests;
			productName = FeedAPIEndToEndTests;
			productReference = 82748B3D248CF31D000857F2 /* FeedAPIEndToEndTests.xctest */;
			productType = "com.apple.product-type.bundle.unit-test";
		};
/* End PBXNativeTarget section */

/* Begin PBXProject section */
		82357E33247E873900E5AC7B /* Project object */ = {
			isa = PBXProject;
			attributes = {
				LastSwiftUpdateCheck = 1230;
				LastUpgradeCheck = 1230;
				ORGANIZATIONNAME = "Erik Agujari";
				TargetAttributes = {
					4063CFC5259E1FBC00488A60 = {
						CreatedOnToolsVersion = 12.3;
						LastSwiftMigration = 1240;
					};
					4063CFCD259E1FBC00488A60 = {
						CreatedOnToolsVersion = 12.3;
						LastSwiftMigration = 1240;
					};
					82357E3B247E873900E5AC7B = {
						CreatedOnToolsVersion = 11.1;
						LastSwiftMigration = 1110;
					};
					82357E44247E873900E5AC7B = {
						CreatedOnToolsVersion = 11.1;
						LastSwiftMigration = 1110;
					};
					82748B3C248CF31D000857F2 = {
						CreatedOnToolsVersion = 11.1;
					};
				};
			};
			buildConfigurationList = 82357E36247E873900E5AC7B /* Build configuration list for PBXProject "Feed" */;
			compatibilityVersion = "Xcode 9.3";
			developmentRegion = en;
			hasScannedForEncodings = 0;
			knownRegions = (
				en,
				Base,
				"pt-BR",
				el,
			);
			mainGroup = 82357E32247E873900E5AC7B;
			productRefGroup = 82357E3D247E873900E5AC7B /* Products */;
			projectDirPath = "";
			projectRoot = "";
			targets = (
				82357E3B247E873900E5AC7B /* Feed */,
				82357E44247E873900E5AC7B /* FeedTests */,
				82748B3C248CF31D000857F2 /* FeedAPIEndToEndTests */,
				4063CFC5259E1FBC00488A60 /* FeediOS */,
				4063CFCD259E1FBC00488A60 /* FeediOSTests */,
			);
		};
/* End PBXProject section */

/* Begin PBXResourcesBuildPhase section */
		4063CFC4259E1FBC00488A60 /* Resources */ = {
			isa = PBXResourcesBuildPhase;
			buildActionMask = 2147483647;
			files = (
				40610E8A25E00FDA00284022 /* FeedAssets.xcassets in Resources */,
				40610E8425E00F5000284022 /* Feed.storyboard in Resources */,
			);
			runOnlyForDeploymentPostprocessing = 0;
		};
		4063CFCC259E1FBC00488A60 /* Resources */ = {
			isa = PBXResourcesBuildPhase;
			buildActionMask = 2147483647;
			files = (
			);
			runOnlyForDeploymentPostprocessing = 0;
		};
		82357E3A247E873900E5AC7B /* Resources */ = {
			isa = PBXResourcesBuildPhase;
			buildActionMask = 2147483647;
			files = (
				405BF25F25E53773002FE8E6 /* Feed.strings in Resources */,
			);
			runOnlyForDeploymentPostprocessing = 0;
		};
		82357E43247E873900E5AC7B /* Resources */ = {
			isa = PBXResourcesBuildPhase;
			buildActionMask = 2147483647;
			files = (
			);
			runOnlyForDeploymentPostprocessing = 0;
		};
		82748B3B248CF31D000857F2 /* Resources */ = {
			isa = PBXResourcesBuildPhase;
			buildActionMask = 2147483647;
			files = (
			);
			runOnlyForDeploymentPostprocessing = 0;
		};
/* End PBXResourcesBuildPhase section */

/* Begin PBXSourcesBuildPhase section */
		4063CFC2259E1FBC00488A60 /* Sources */ = {
			isa = PBXSourcesBuildPhase;
			buildActionMask = 2147483647;
			files = (
				40B3CFF125E1807900CF7522 /* FeedViewAdapter.swift in Sources */,
				40545CDA25E01CE200F96045 /* UITableView+Dequeueing.swift in Sources */,
				408F063325CD75E9001000DD /* UIView+Shimmering.swift in Sources */,
				40B3CFEB25E1803C00CF7522 /* WeakRefVirtualProxy.swift in Sources */,
				40EA370E25C5776E001CDDA6 /* FeedViewController.swift in Sources */,
				40B3CFE525E17FD600CF7522 /* MainQueueDispatchDecorator.swift in Sources */,
				408F062D25CD53EE001000DD /* FeedImageCell.swift in Sources */,
				40B3CFFD25E1810900CF7522 /* FeedLoaderPresentationAdapter.swift in Sources */,
				40B3CFF725E180CE00CF7522 /* FeedImageDataLoaderPresentationAdapter.swift in Sources */,
				403B93E425D7DE3E0027C345 /* FeedImageCellController.swift in Sources */,
				401E715725E901C50006437F /* ErrorView.swift in Sources */,
				403B93EF25D7E2E60027C345 /* FeedUIComposer.swift in Sources */,
				40545CE025E01DDE00F96045 /* UIImageView+Animation.swift in Sources */,
			);
			runOnlyForDeploymentPostprocessing = 0;
		};
		4063CFCA259E1FBC00488A60 /* Sources */ = {
			isa = PBXSourcesBuildPhase;
			buildActionMask = 2147483647;
			files = (
				401E715D25E9038D0006437F /* FeedViewController+TestHelpers.swift in Sources */,
				401E716325E903C30006437F /* UIButton+TestHelpers.swift in Sources */,
				40EA36D325C566F8001CDDA6 /* FeedUIIntegrationTests.swift in Sources */,
				40EA370825C56D4E001CDDA6 /* XCTestCase+MemoryLeakTracking.swift in Sources */,
				40B3CFC325E1769900CF7522 /* FeedViewControllerTests+Localization.swift in Sources */,
			);
			runOnlyForDeploymentPostprocessing = 0;
		};
		82357E38247E873900E5AC7B /* Sources */ = {
			isa = PBXSourcesBuildPhase;
			buildActionMask = 2147483647;
			files = (
				401E71B525E940660006437F /* LocalFeedImageDataLoader.swift in Sources */,
				82357E59247E8D1400E5AC7B /* FeedLoader.swift in Sources */,
				828A058B2483DA0300443FF1 /* FeedItemMapper.swift in Sources */,
				401E717525E909B10006437F /* HTTPURLResponse+StatusCode.swift in Sources */,
				82A6EB26249FA1A700F7C508 /* RemoteFeedItem.swift in Sources */,
				82322D6424B1D5AF00A43858 /* FeedCachePolicy.swift in Sources */,
				827D66BF248254BF0035D0C9 /* RemoteFeedLoader.swift in Sources */,
				401E719925E920670006437F /* RemoteFeedImageDataLoader.swift in Sources */,
				827F4537249F6BF600FF9776 /* FeedStore.swift in Sources */,
				405BF29925E540DB002FE8E6 /* FeedImageViewModel.swift in Sources */,
				827F4535249F6B5800FF9776 /* LocalFeedLoader.swift in Sources */,
				405BF26F25E53803002FE8E6 /* FeedLoadingViewModel.swift in Sources */,
				409359E325EA6A7300915964 /* CoreDataFeedStore.swift in Sources */,
				82A6EB2E249FA2B700F7C508 /* LocalFeedImage.swift in Sources */,
				828A05892483D9A500443FF1 /* HTTPClient.swift in Sources */,
				409359E225EA6A7300915964 /* CoreDataFeedImage+CoreDataClass.swift in Sources */,
				409359E525EA6A7300915964 /* CoreDataFeed+CoreDataClass.swift in Sources */,
				82357E57247E879700E5AC7B /* FeedImage.swift in Sources */,
				401E716825E9066A0006437F /* FeedImageDataLoader.swift in Sources */,
				409359E425EA6A7300915964 /* CoreDataFeed+CoreDataProperties.swift in Sources */,
				405BF25A25E5364F002FE8E6 /* FeedPresenter.swift in Sources */,
				405BF29A25E540DB002FE8E6 /* FeedImagePresenter.swift in Sources */,
				409359E125EA6A7300915964 /* CoreDataFeedImage+CoreDataProperties.swift in Sources */,
				409359ED25EA6C8700915964 /* CoreDataFeed.xcdatamodeld in Sources */,
				405BF27525E5382D002FE8E6 /* FeedErrorViewModel.swift in Sources */,
				827EDAEE248BA1E000297FD8 /* URLSessionHTTPClient.swift in Sources */,
				401E71AF25E940390006437F /* FeedImageDataStore.swift in Sources */,
				405BF26925E537C8002FE8E6 /* FeedViewModel.swift in Sources */,
			);
			runOnlyForDeploymentPostprocessing = 0;
		};
		82357E41247E873900E5AC7B /* Sources */ = {
			isa = PBXSourcesBuildPhase;
			buildActionMask = 2147483647;
			files = (
				82A07C2724A20CC100EEB6C4 /* ValidateFeedCacheUseCaseTests.swift in Sources */,
				82A56AC32480E2D900FE29AE /* LoadFeedFromRemoteUseCaseTests.swift in Sources */,
				827EFEEF2485434F007B79E2 /* URLSessionHTTPClientTests.swift in Sources */,
				8284F8FE24A0A1E00075C4F3 /* FeedStoreSpy.swift in Sources */,
				409359F825EA6EBA00915964 /* CoreDataFeedImageDataStoreTests.swift in Sources */,
				82A07C2924A21A2F00EEB6C4 /* FeedCacheTestsHelpers.swift in Sources */,
				82A07C2B24A21B0700EEB6C4 /* SharedTestHelpers.swift in Sources */,
				409359CA25EA668D00915964 /* CacheFeedImageDataUseCaseTests.swift in Sources */,
				405BF28C25E54006002FE8E6 /* FeedLocalizationTests.swift in Sources */,
				401E718F25E920090006437F /* HTTPClientSpy.swift in Sources */,
				401E717F25E90BBA0006437F /* LoadFeedImageDataFromRemoteUseCaseTests.swift in Sources */,
				827EEF40249E071500F863DA /* CacheFeedUseCaseTests.swift in Sources */,
				40F5CC0C25B4793E004B8B6F /* XCTestCase+FailableRetrieveFeedStoreSpecs.swift in Sources */,
				40F5CC1625B47A9E004B8B6F /* XCTestCase+FailableDeleteFeedStoreSpecs.swift in Sources */,
				40F5CC1125B47A22004B8B6F /* XCTestCase+FailableInserFeedStoreSpecs.swift in Sources */,
				405BF23C25E52A0A002FE8E6 /* FeedPresenterTests.swift in Sources */,
				409359F325EA6CF700915964 /* CoreDataFeedStoreTests.swift in Sources */,
				8284F8FB24A0A0D90075C4F3 /* LoadFeedFromCacheUseCaseTests.swift in Sources */,
				401E719F25E925200006437F /* URLProtocolStub.swift in Sources */,
				401E71A925E9375A0006437F /* LoadFeedImageDataFromCacheUseCaseTests.swift in Sources */,
				40F5CC0225B45D42004B8B6F /* FeedStoreSpecs.swift in Sources */,
				827EDAEC248B92D700297FD8 /* XCTestCase+MemoryLeakTracking.swift in Sources */,
				401E71BF25E94B8B0006437F /* FeedImageDataStoreSpy.swift in Sources */,
				40F5CC0725B45DE0004B8B6F /* XCTestCase+FeedStoreSpecs.swift in Sources */,
			);
			runOnlyForDeploymentPostprocessing = 0;
		};
		82748B39248CF31D000857F2 /* Sources */ = {
			isa = PBXSourcesBuildPhase;
			buildActionMask = 2147483647;
			files = (
				82748B40248CF31D000857F2 /* FeedAPIEndToEndTests.swift in Sources */,
				82748B48248CFD5E000857F2 /* XCTestCase+MemoryLeakTracking.swift in Sources */,
			);
			runOnlyForDeploymentPostprocessing = 0;
		};
/* End PBXSourcesBuildPhase section */

/* Begin PBXTargetDependency section */
		4063CFD1259E1FBC00488A60 /* PBXTargetDependency */ = {
			isa = PBXTargetDependency;
			target = 4063CFC5259E1FBC00488A60 /* FeediOS */;
			targetProxy = 4063CFD0259E1FBC00488A60 /* PBXContainerItemProxy */;
		};
		40EA36F625C56B83001CDDA6 /* PBXTargetDependency */ = {
			isa = PBXTargetDependency;
			platformFilter = ios;
			target = 82357E3B247E873900E5AC7B /* Feed */;
			targetProxy = 40EA36F525C56B83001CDDA6 /* PBXContainerItemProxy */;
		};
		82357E48247E873900E5AC7B /* PBXTargetDependency */ = {
			isa = PBXTargetDependency;
			target = 82357E3B247E873900E5AC7B /* Feed */;
			targetProxy = 82357E47247E873900E5AC7B /* PBXContainerItemProxy */;
		};
		82748B44248CF31D000857F2 /* PBXTargetDependency */ = {
			isa = PBXTargetDependency;
			target = 82357E3B247E873900E5AC7B /* Feed */;
			targetProxy = 82748B43248CF31D000857F2 /* PBXContainerItemProxy */;
		};
/* End PBXTargetDependency section */

/* Begin PBXVariantGroup section */
		405BF24D25E53473002FE8E6 /* Feed.strings */ = {
			isa = PBXVariantGroup;
			children = (
				405BF24C25E53473002FE8E6 /* en */,
				405BF25225E53479002FE8E6 /* el */,
				405BF25325E5347A002FE8E6 /* pt-BR */,
			);
			name = Feed.strings;
			sourceTree = "<group>";
		};
/* End PBXVariantGroup section */

/* Begin XCBuildConfiguration section */
		4063CFD8259E1FBC00488A60 /* Debug */ = {
			isa = XCBuildConfiguration;
			buildSettings = {
				CLANG_ENABLE_MODULES = YES;
				CODE_SIGN_STYLE = Automatic;
				DEFINES_MODULE = YES;
				DEVELOPMENT_TEAM = 69Q3WZF8JC;
				DYLIB_COMPATIBILITY_VERSION = 1;
				DYLIB_CURRENT_VERSION = 1;
				DYLIB_INSTALL_NAME_BASE = "@rpath";
				INFOPLIST_FILE = FeediOS/Info.plist;
				INSTALL_PATH = "$(LOCAL_LIBRARY_DIR)/Frameworks";
				IPHONEOS_DEPLOYMENT_TARGET = 14.0;
				LD_RUNPATH_SEARCH_PATHS = (
					"$(inherited)",
					"@executable_path/Frameworks",
					"@loader_path/Frameworks",
				);
				PRODUCT_BUNDLE_IDENTIFIER = "Erik-Agujari.FeediOS";
				PRODUCT_NAME = "$(TARGET_NAME:c99extidentifier)";
				SDKROOT = iphoneos;
				SKIP_INSTALL = YES;
				SWIFT_OPTIMIZATION_LEVEL = "-Onone";
				SWIFT_VERSION = 5.0;
				TARGETED_DEVICE_FAMILY = "1,2";
			};
			name = Debug;
		};
		4063CFD9259E1FBC00488A60 /* Release */ = {
			isa = XCBuildConfiguration;
			buildSettings = {
				CLANG_ENABLE_MODULES = YES;
				CODE_SIGN_STYLE = Automatic;
				DEFINES_MODULE = YES;
				DEVELOPMENT_TEAM = 69Q3WZF8JC;
				DYLIB_COMPATIBILITY_VERSION = 1;
				DYLIB_CURRENT_VERSION = 1;
				DYLIB_INSTALL_NAME_BASE = "@rpath";
				INFOPLIST_FILE = FeediOS/Info.plist;
				INSTALL_PATH = "$(LOCAL_LIBRARY_DIR)/Frameworks";
				IPHONEOS_DEPLOYMENT_TARGET = 14.0;
				LD_RUNPATH_SEARCH_PATHS = (
					"$(inherited)",
					"@executable_path/Frameworks",
					"@loader_path/Frameworks",
				);
				PRODUCT_BUNDLE_IDENTIFIER = "Erik-Agujari.FeediOS";
				PRODUCT_NAME = "$(TARGET_NAME:c99extidentifier)";
				SDKROOT = iphoneos;
				SKIP_INSTALL = YES;
				SWIFT_VERSION = 5.0;
				TARGETED_DEVICE_FAMILY = "1,2";
				VALIDATE_PRODUCT = YES;
			};
			name = Release;
		};
		4063CFDB259E1FBC00488A60 /* Debug */ = {
			isa = XCBuildConfiguration;
			buildSettings = {
				ALWAYS_EMBED_SWIFT_STANDARD_LIBRARIES = YES;
				CLANG_ENABLE_MODULES = YES;
				CODE_SIGN_STYLE = Automatic;
				DEVELOPMENT_TEAM = 69Q3WZF8JC;
				INFOPLIST_FILE = FeediOSTests/Info.plist;
				IPHONEOS_DEPLOYMENT_TARGET = 14.0;
				LD_RUNPATH_SEARCH_PATHS = (
					"$(inherited)",
					"@executable_path/Frameworks",
					"@loader_path/Frameworks",
				);
				PRODUCT_BUNDLE_IDENTIFIER = "Erik-Agujari.FeediOSTests";
				PRODUCT_NAME = "$(TARGET_NAME)";
				SDKROOT = iphoneos;
				SWIFT_OPTIMIZATION_LEVEL = "-Onone";
				SWIFT_VERSION = 5.0;
				TARGETED_DEVICE_FAMILY = "1,2";
			};
			name = Debug;
		};
		4063CFDC259E1FBC00488A60 /* Release */ = {
			isa = XCBuildConfiguration;
			buildSettings = {
				ALWAYS_EMBED_SWIFT_STANDARD_LIBRARIES = YES;
				CLANG_ENABLE_MODULES = YES;
				CODE_SIGN_STYLE = Automatic;
				DEVELOPMENT_TEAM = 69Q3WZF8JC;
				INFOPLIST_FILE = FeediOSTests/Info.plist;
				IPHONEOS_DEPLOYMENT_TARGET = 14.0;
				LD_RUNPATH_SEARCH_PATHS = (
					"$(inherited)",
					"@executable_path/Frameworks",
					"@loader_path/Frameworks",
				);
				PRODUCT_BUNDLE_IDENTIFIER = "Erik-Agujari.FeediOSTests";
				PRODUCT_NAME = "$(TARGET_NAME)";
				SDKROOT = iphoneos;
				SWIFT_VERSION = 5.0;
				TARGETED_DEVICE_FAMILY = "1,2";
				VALIDATE_PRODUCT = YES;
			};
			name = Release;
		};
		82357E4E247E873900E5AC7B /* Debug */ = {
			isa = XCBuildConfiguration;
			buildSettings = {
				ALWAYS_SEARCH_USER_PATHS = NO;
				CLANG_ANALYZER_LOCALIZABILITY_NONLOCALIZED = YES;
				CLANG_ANALYZER_NONNULL = YES;
				CLANG_ANALYZER_NUMBER_OBJECT_CONVERSION = YES_AGGRESSIVE;
				CLANG_CXX_LANGUAGE_STANDARD = "gnu++14";
				CLANG_CXX_LIBRARY = "libc++";
				CLANG_ENABLE_MODULES = YES;
				CLANG_ENABLE_OBJC_ARC = YES;
				CLANG_ENABLE_OBJC_WEAK = YES;
				CLANG_WARN_BLOCK_CAPTURE_AUTORELEASING = YES;
				CLANG_WARN_BOOL_CONVERSION = YES;
				CLANG_WARN_COMMA = YES;
				CLANG_WARN_CONSTANT_CONVERSION = YES;
				CLANG_WARN_DEPRECATED_OBJC_IMPLEMENTATIONS = YES;
				CLANG_WARN_DIRECT_OBJC_ISA_USAGE = YES_ERROR;
				CLANG_WARN_DOCUMENTATION_COMMENTS = YES;
				CLANG_WARN_EMPTY_BODY = YES;
				CLANG_WARN_ENUM_CONVERSION = YES;
				CLANG_WARN_INFINITE_RECURSION = YES;
				CLANG_WARN_INT_CONVERSION = YES;
				CLANG_WARN_NON_LITERAL_NULL_CONVERSION = YES;
				CLANG_WARN_OBJC_IMPLICIT_RETAIN_SELF = YES;
				CLANG_WARN_OBJC_LITERAL_CONVERSION = YES;
				CLANG_WARN_OBJC_ROOT_CLASS = YES_ERROR;
				CLANG_WARN_QUOTED_INCLUDE_IN_FRAMEWORK_HEADER = YES;
				CLANG_WARN_RANGE_LOOP_ANALYSIS = YES;
				CLANG_WARN_STRICT_PROTOTYPES = YES;
				CLANG_WARN_SUSPICIOUS_MOVE = YES;
				CLANG_WARN_UNGUARDED_AVAILABILITY = YES_AGGRESSIVE;
				CLANG_WARN_UNREACHABLE_CODE = YES;
				CLANG_WARN__DUPLICATE_METHOD_MATCH = YES;
				COPY_PHASE_STRIP = NO;
				CURRENT_PROJECT_VERSION = 1;
				DEBUG_INFORMATION_FORMAT = dwarf;
				ENABLE_STRICT_OBJC_MSGSEND = YES;
				ENABLE_TESTABILITY = YES;
				GCC_C_LANGUAGE_STANDARD = gnu11;
				GCC_DYNAMIC_NO_PIC = NO;
				GCC_NO_COMMON_BLOCKS = YES;
				GCC_OPTIMIZATION_LEVEL = 0;
				GCC_PREPROCESSOR_DEFINITIONS = (
					"DEBUG=1",
					"$(inherited)",
				);
				GCC_WARN_64_TO_32_BIT_CONVERSION = YES;
				GCC_WARN_ABOUT_RETURN_TYPE = YES_ERROR;
				GCC_WARN_UNDECLARED_SELECTOR = YES;
				GCC_WARN_UNINITIALIZED_AUTOS = YES_AGGRESSIVE;
				GCC_WARN_UNUSED_FUNCTION = YES;
				GCC_WARN_UNUSED_VARIABLE = YES;
				IPHONEOS_DEPLOYMENT_TARGET = 14.0;
				MACOSX_DEPLOYMENT_TARGET = 10.15;
				MTL_ENABLE_DEBUG_INFO = INCLUDE_SOURCE;
				MTL_FAST_MATH = YES;
				ONLY_ACTIVE_ARCH = YES;
				SDKROOT = macosx;
				SWIFT_ACTIVE_COMPILATION_CONDITIONS = DEBUG;
				SWIFT_OPTIMIZATION_LEVEL = "-Onone";
				VERSIONING_SYSTEM = "apple-generic";
				VERSION_INFO_PREFIX = "";
			};
			name = Debug;
		};
		82357E4F247E873900E5AC7B /* Release */ = {
			isa = XCBuildConfiguration;
			buildSettings = {
				ALWAYS_SEARCH_USER_PATHS = NO;
				CLANG_ANALYZER_LOCALIZABILITY_NONLOCALIZED = YES;
				CLANG_ANALYZER_NONNULL = YES;
				CLANG_ANALYZER_NUMBER_OBJECT_CONVERSION = YES_AGGRESSIVE;
				CLANG_CXX_LANGUAGE_STANDARD = "gnu++14";
				CLANG_CXX_LIBRARY = "libc++";
				CLANG_ENABLE_MODULES = YES;
				CLANG_ENABLE_OBJC_ARC = YES;
				CLANG_ENABLE_OBJC_WEAK = YES;
				CLANG_WARN_BLOCK_CAPTURE_AUTORELEASING = YES;
				CLANG_WARN_BOOL_CONVERSION = YES;
				CLANG_WARN_COMMA = YES;
				CLANG_WARN_CONSTANT_CONVERSION = YES;
				CLANG_WARN_DEPRECATED_OBJC_IMPLEMENTATIONS = YES;
				CLANG_WARN_DIRECT_OBJC_ISA_USAGE = YES_ERROR;
				CLANG_WARN_DOCUMENTATION_COMMENTS = YES;
				CLANG_WARN_EMPTY_BODY = YES;
				CLANG_WARN_ENUM_CONVERSION = YES;
				CLANG_WARN_INFINITE_RECURSION = YES;
				CLANG_WARN_INT_CONVERSION = YES;
				CLANG_WARN_NON_LITERAL_NULL_CONVERSION = YES;
				CLANG_WARN_OBJC_IMPLICIT_RETAIN_SELF = YES;
				CLANG_WARN_OBJC_LITERAL_CONVERSION = YES;
				CLANG_WARN_OBJC_ROOT_CLASS = YES_ERROR;
				CLANG_WARN_QUOTED_INCLUDE_IN_FRAMEWORK_HEADER = YES;
				CLANG_WARN_RANGE_LOOP_ANALYSIS = YES;
				CLANG_WARN_STRICT_PROTOTYPES = YES;
				CLANG_WARN_SUSPICIOUS_MOVE = YES;
				CLANG_WARN_UNGUARDED_AVAILABILITY = YES_AGGRESSIVE;
				CLANG_WARN_UNREACHABLE_CODE = YES;
				CLANG_WARN__DUPLICATE_METHOD_MATCH = YES;
				COPY_PHASE_STRIP = NO;
				CURRENT_PROJECT_VERSION = 1;
				DEBUG_INFORMATION_FORMAT = "dwarf-with-dsym";
				ENABLE_NS_ASSERTIONS = NO;
				ENABLE_STRICT_OBJC_MSGSEND = YES;
				GCC_C_LANGUAGE_STANDARD = gnu11;
				GCC_NO_COMMON_BLOCKS = YES;
				GCC_WARN_64_TO_32_BIT_CONVERSION = YES;
				GCC_WARN_ABOUT_RETURN_TYPE = YES_ERROR;
				GCC_WARN_UNDECLARED_SELECTOR = YES;
				GCC_WARN_UNINITIALIZED_AUTOS = YES_AGGRESSIVE;
				GCC_WARN_UNUSED_FUNCTION = YES;
				GCC_WARN_UNUSED_VARIABLE = YES;
				IPHONEOS_DEPLOYMENT_TARGET = 14.0;
				MACOSX_DEPLOYMENT_TARGET = 10.15;
				MTL_ENABLE_DEBUG_INFO = NO;
				MTL_FAST_MATH = YES;
				SDKROOT = macosx;
				SWIFT_COMPILATION_MODE = wholemodule;
				SWIFT_OPTIMIZATION_LEVEL = "-O";
				VERSIONING_SYSTEM = "apple-generic";
				VERSION_INFO_PREFIX = "";
			};
			name = Release;
		};
		82357E51247E873900E5AC7B /* Debug */ = {
			isa = XCBuildConfiguration;
			buildSettings = {
				CLANG_ENABLE_MODULES = YES;
				CODE_SIGN_STYLE = Automatic;
				COMBINE_HIDPI_IMAGES = YES;
				DEFINES_MODULE = YES;
				DYLIB_COMPATIBILITY_VERSION = 1;
				DYLIB_CURRENT_VERSION = 1;
				DYLIB_INSTALL_NAME_BASE = "@rpath";
				INFOPLIST_FILE = Feed/Info.plist;
				INSTALL_PATH = "$(LOCAL_LIBRARY_DIR)/Frameworks";
				LD_RUNPATH_SEARCH_PATHS = (
					"$(inherited)",
					"@executable_path/../Frameworks",
					"@loader_path/Frameworks",
				);
				PRODUCT_BUNDLE_IDENTIFIER = com.ErikAgujari.Feed;
				PRODUCT_NAME = "$(TARGET_NAME:c99extidentifier)";
				SKIP_INSTALL = YES;
				SUPPORTED_PLATFORMS = "macosx iphoneos iphonesimulator";
				SWIFT_OPTIMIZATION_LEVEL = "-Onone";
				SWIFT_VERSION = 5.0;
			};
			name = Debug;
		};
		82357E52247E873900E5AC7B /* Release */ = {
			isa = XCBuildConfiguration;
			buildSettings = {
				CLANG_ENABLE_MODULES = YES;
				CODE_SIGN_STYLE = Automatic;
				COMBINE_HIDPI_IMAGES = YES;
				DEFINES_MODULE = YES;
				DYLIB_COMPATIBILITY_VERSION = 1;
				DYLIB_CURRENT_VERSION = 1;
				DYLIB_INSTALL_NAME_BASE = "@rpath";
				INFOPLIST_FILE = Feed/Info.plist;
				INSTALL_PATH = "$(LOCAL_LIBRARY_DIR)/Frameworks";
				LD_RUNPATH_SEARCH_PATHS = (
					"$(inherited)",
					"@executable_path/../Frameworks",
					"@loader_path/Frameworks",
				);
				PRODUCT_BUNDLE_IDENTIFIER = com.ErikAgujari.Feed;
				PRODUCT_NAME = "$(TARGET_NAME:c99extidentifier)";
				SKIP_INSTALL = YES;
				SUPPORTED_PLATFORMS = "macosx iphoneos iphonesimulator";
				SWIFT_VERSION = 5.0;
			};
			name = Release;
		};
		82357E54247E873900E5AC7B /* Debug */ = {
			isa = XCBuildConfiguration;
			buildSettings = {
				ALWAYS_EMBED_SWIFT_STANDARD_LIBRARIES = YES;
				CLANG_ENABLE_MODULES = YES;
				CODE_SIGN_STYLE = Automatic;
				COMBINE_HIDPI_IMAGES = YES;
				INFOPLIST_FILE = FeedTests/Info.plist;
				LD_RUNPATH_SEARCH_PATHS = (
					"$(inherited)",
					"@executable_path/../Frameworks",
					"@loader_path/../Frameworks",
				);
				PRODUCT_BUNDLE_IDENTIFIER = com.ErikAgujari.FeedTests;
				PRODUCT_NAME = "$(TARGET_NAME)";
				SUPPORTED_PLATFORMS = "macosx iphonesimulator iphoneos";
				SWIFT_OPTIMIZATION_LEVEL = "-Onone";
				SWIFT_VERSION = 5.0;
			};
			name = Debug;
		};
		82357E55247E873900E5AC7B /* Release */ = {
			isa = XCBuildConfiguration;
			buildSettings = {
				ALWAYS_EMBED_SWIFT_STANDARD_LIBRARIES = YES;
				CLANG_ENABLE_MODULES = YES;
				CODE_SIGN_STYLE = Automatic;
				COMBINE_HIDPI_IMAGES = YES;
				INFOPLIST_FILE = FeedTests/Info.plist;
				LD_RUNPATH_SEARCH_PATHS = (
					"$(inherited)",
					"@executable_path/../Frameworks",
					"@loader_path/../Frameworks",
				);
				PRODUCT_BUNDLE_IDENTIFIER = com.ErikAgujari.FeedTests;
				PRODUCT_NAME = "$(TARGET_NAME)";
				SUPPORTED_PLATFORMS = "macosx iphonesimulator iphoneos";
				SWIFT_VERSION = 5.0;
			};
			name = Release;
		};
		82748B45248CF31D000857F2 /* Debug */ = {
			isa = XCBuildConfiguration;
			buildSettings = {
				CODE_SIGN_STYLE = Automatic;
				COMBINE_HIDPI_IMAGES = YES;
				INFOPLIST_FILE = FeedAPIEndToEndTests/Info.plist;
				LD_RUNPATH_SEARCH_PATHS = (
					"$(inherited)",
					"@executable_path/../Frameworks",
					"@loader_path/../Frameworks",
				);
				PRODUCT_BUNDLE_IDENTIFIER = com.ErikAgujari.FeedAPIEndToEndTests;
				PRODUCT_NAME = "$(TARGET_NAME)";
				SUPPORTED_PLATFORMS = "macosx iphonesimulator iphoneos";
				SWIFT_VERSION = 5.0;
			};
			name = Debug;
		};
		82748B46248CF31D000857F2 /* Release */ = {
			isa = XCBuildConfiguration;
			buildSettings = {
				CODE_SIGN_STYLE = Automatic;
				COMBINE_HIDPI_IMAGES = YES;
				INFOPLIST_FILE = FeedAPIEndToEndTests/Info.plist;
				LD_RUNPATH_SEARCH_PATHS = (
					"$(inherited)",
					"@executable_path/../Frameworks",
					"@loader_path/../Frameworks",
				);
				PRODUCT_BUNDLE_IDENTIFIER = com.ErikAgujari.FeedAPIEndToEndTests;
				PRODUCT_NAME = "$(TARGET_NAME)";
				SUPPORTED_PLATFORMS = "macosx iphonesimulator iphoneos";
				SWIFT_VERSION = 5.0;
			};
			name = Release;
		};
/* End XCBuildConfiguration section */

/* Begin XCConfigurationList section */
		4063CFD7259E1FBC00488A60 /* Build configuration list for PBXNativeTarget "FeediOS" */ = {
			isa = XCConfigurationList;
			buildConfigurations = (
				4063CFD8259E1FBC00488A60 /* Debug */,
				4063CFD9259E1FBC00488A60 /* Release */,
			);
			defaultConfigurationIsVisible = 0;
			defaultConfigurationName = Release;
		};
		4063CFDA259E1FBC00488A60 /* Build configuration list for PBXNativeTarget "FeediOSTests" */ = {
			isa = XCConfigurationList;
			buildConfigurations = (
				4063CFDB259E1FBC00488A60 /* Debug */,
				4063CFDC259E1FBC00488A60 /* Release */,
			);
			defaultConfigurationIsVisible = 0;
			defaultConfigurationName = Release;
		};
		82357E36247E873900E5AC7B /* Build configuration list for PBXProject "Feed" */ = {
			isa = XCConfigurationList;
			buildConfigurations = (
				82357E4E247E873900E5AC7B /* Debug */,
				82357E4F247E873900E5AC7B /* Release */,
			);
			defaultConfigurationIsVisible = 0;
			defaultConfigurationName = Release;
		};
		82357E50247E873900E5AC7B /* Build configuration list for PBXNativeTarget "Feed" */ = {
			isa = XCConfigurationList;
			buildConfigurations = (
				82357E51247E873900E5AC7B /* Debug */,
				82357E52247E873900E5AC7B /* Release */,
			);
			defaultConfigurationIsVisible = 0;
			defaultConfigurationName = Release;
		};
		82357E53247E873900E5AC7B /* Build configuration list for PBXNativeTarget "FeedTests" */ = {
			isa = XCConfigurationList;
			buildConfigurations = (
				82357E54247E873900E5AC7B /* Debug */,
				82357E55247E873900E5AC7B /* Release */,
			);
			defaultConfigurationIsVisible = 0;
			defaultConfigurationName = Release;
		};
		82748B47248CF31D000857F2 /* Build configuration list for PBXNativeTarget "FeedAPIEndToEndTests" */ = {
			isa = XCConfigurationList;
			buildConfigurations = (
				82748B45248CF31D000857F2 /* Debug */,
				82748B46248CF31D000857F2 /* Release */,
			);
			defaultConfigurationIsVisible = 0;
			defaultConfigurationName = Release;
		};
/* End XCConfigurationList section */

/* Begin XCVersionGroup section */
		409359EA25EA6C8700915964 /* CoreDataFeed.xcdatamodeld */ = {
			isa = XCVersionGroup;
			children = (
				409359EB25EA6C8700915964 /* CoreDataFeed.xcdatamodel */,
				409359EC25EA6C8700915964 /* CoreDataFeed 2.xcdatamodel */,
			);
			currentVersion = 409359EC25EA6C8700915964 /* CoreDataFeed 2.xcdatamodel */;
			path = CoreDataFeed.xcdatamodeld;
			sourceTree = "<group>";
			versionGroupType = wrapper.xcdatamodel;
		};
/* End XCVersionGroup section */
	};
	rootObject = 82357E33247E873900E5AC7B /* Project object */;
}
